Microsoft Visual Studio Solution File, Format Version 12.00
# Visual Studio 15
VisualStudioVersion = 15.0.28010.2036
MinimumVisualStudioVersion = 10.0.40219.1
Project("{FAE04EC0-301F-11D3-BF4B-00C04F79EFBC}") = "InheritedUserControl", "InheritedUserControl.csproj", "{7CF9C866-7B4D-4C63-85A8-599635FAB529}"
EndProject
Global
	GlobalSection(SolutionConfigurationPlatforms) = preSolution
		Debug|Any CPU = Debug|Any CPU
		Release|Any CPU = Release|Any CPU
	EndGlobalSection
	GlobalSection(ProjectConfigurationPlatforms) = postSolution
		{7CF9C866-7B4D-4C63-85A8-599635FAB529}.Debug|Any CPU.ActiveCfg = Debug|Any CPU
		{7CF9C866-7B4D-4C63-85A8-599635FAB529}.Debug|Any CPU.Build.0 = Debug|Any CPU
		{7CF9C866-7B4D-4C63-85A8-599635FAB529}.Release|Any CPU.ActiveCfg = Release|Any CPU
		{7CF9C866-7B4D-4C63-85A8-599635FAB529}.Release|Any CPU.Build.0 = Release|Any CPU
	EndGlobalSection
	GlobalSection(SolutionProperties) = preSolution
		HideSolutionNode = FALSE
	EndGlobalSection
	GlobalSection(ExtensibilityGlobals) = postSolution
		SolutionGuid = {78D85C77-64FD-4F7E-A325-65967740588E}
	EndGlobalSection
EndGlobal
